<?xml version="1.0" encoding="utf-8"?>
<Project ToolsVersion="4.0" xmlns="http://schemas.microsoft.com/developer/msbuild/2003">
  <ItemGroup>
    <Filter Include="Source Files">
      <UniqueIdentifier>{4FC737F1-C7A5-4376-A066-2A32D752A2FF}</UniqueIdentifier>
      <Extensions>cpp;c;cc;cxx;def;odl;idl;hpj;bat;asm;asmx</Extensions>
    </Filter>
    <Filter Include="Header Files">
      <UniqueIdentifier>{93995380-89BD-4b04-88EB-625FBE52EBFB}</UniqueIdentifier>
      <Extensions>h;hh;hpp;hxx;hm;inl;inc;ipp;xsd</Extensions>
    </Filter>
    <Filter Include="Resource Files">
      <UniqueIdentifier>{67DA6AB6-F800-4c08-8B7A-83BB121AAD01}</UniqueIdentifier>
      <Extensions>rc;ico;cur;bmp;dlg;rc2;rct;bin;rgs;gif;jpg;jpeg;jpe;resx;tiff;tif;png;wav;mfcribbon-ms</Extensions>
    </Filter>
  </ItemGroup>
  <ItemGroup>
    <ClCompile Include="src\Cerere\cerere.cpp">
      <Filter>Source Files</Filter>
    </ClCompile>
    <ClCompile Include="src\Grup\grup.cpp">
      <Filter>Source Files</Filter>
    </ClCompile>
    <ClCompile Include="src\Hotel\hotel.cpp">
      <Filter>Source Files</Filter>
    </ClCompile>
    <ClCompile Include="src\Incapere\incapere.cpp">
      <Filter>Source Files</Filter>
    </ClCompile>
    <ClCompile Include="src\main.cpp">
      <Filter>Source Files</Filter>
    </ClCompile>
    <ClCompile Include="src\Participant\participant.cpp">
      <Filter>Source Files</Filter>
    </ClCompile>
    <ClCompile Include="src\Incapere\Apartament\apartament.cpp">
      <Filter>Source Files</Filter>
    </ClCompile>
    <ClCompile Include="src\Incapere\Camera\camera.cpp">
      <Filter>Source Files</Filter>
    </ClCompile>
    <ClCompile Include="src\Incapere\Restaurant\restaurant.cpp">
      <Filter>Source Files</Filter>
    </ClCompile>
    <ClCompile Include="src\Incapere\SalaConf\SalaScena\sala_scena.cpp">
      <Filter>Source Files</Filter>
    </ClCompile>
    <ClCompile Include="src\Incapere\SalaConf\SalaIndiv\sala_indiv.cpp">
      <Filter>Source Files</Filter>
    </ClCompile>
    <ClCompile Include="src\Rezervare\rezervare.cpp">
      <Filter>Source Files</Filter>
    </ClCompile>
    <ClCompile Include="src\Incapere\SalaConf\sala_conf.cpp">
      <Filter>Source Files</Filter>
    </ClCompile>
  </ItemGroup>
  <ItemGroup>
    <ClInclude Include="src\Cerere\cerere.h">
      <Filter>Header Files</Filter>
    </ClInclude>
    <ClInclude Include="src\Grup\grup.h">
      <Filter>Header Files</Filter>
    </ClInclude>
    <ClInclude Include="src\Hotel\hotel.h">
      <Filter>Header Files</Filter>
    </ClInclude>
    <ClInclude Include="src\Incapere\incapere.h">
      <Filter>Header Files</Filter>
    </ClInclude>
    <ClInclude Include="src\Participant\participant.h">
      <Filter>Header Files</Filter>
    </ClInclude>
    <ClInclude Include="src\Incapere\Apartament\apartament.h">
      <Filter>Header Files</Filter>
    </ClInclude>
    <ClInclude Include="src\Incapere\Camera\camera.h">
      <Filter>Header Files</Filter>
    </ClInclude>
    <ClInclude Include="src\Incapere\Restaurant\restaurant.h">
      <Filter>Header Files</Filter>
    </ClInclude>
    <ClInclude Include="src\Incapere\SalaConf\SalaIndiv\sala_indiv.h">
      <Filter>Header Files</Filter>
    </ClInclude>
    <ClInclude Include="src\Incapere\SalaConf\SalaScena\sala_scena.h">
      <Filter>Header Files</Filter>
    </ClInclude>
    <ClInclude Include="src\Rezervare\rezervare.h">
      <Filter>Header Files</Filter>
    </ClInclude>
    <ClInclude Include="src\Incapere\SalaConf\sala_conf.h">
      <Filter>Header Files</Filter>
    </ClInclude>
  </ItemGroup>
  <ItemGroup>
    <Text Include="resource\input_persoane.txt" />
    <Text Include="resource\input_hotel.txt" />
  </ItemGroup>
</Project>